{
    "_meta": {
        "hash": {
            "sha256": "90edc59e8f3884380332269288371978d5fa9eef605cf9fae3ce1c1b62efaeeb"
        },
        "pipfile-spec": 6,
        "requires": {
            "python_version": "3.11"
        },
        "sources": [
            {
                "name": "pypi",
                "url": "https://pypi.org/simple",
                "verify_ssl": true
            }
        ]
    },
    "default": {
        "janome": {
            "hashes": [
                "sha256:ce4a3ed7a4635c2f80139639327d5b1e0381858ad74a3c4a61e8cc83f820400e",
                "sha256:d098670394a77881ce2f6b7d696c0ea5ff74c0c8cf74a8a882159ec82c0e6dc7"
            ],
            "index": "pypi",
            "version": "==0.5.0"
        }
    },
    "develop": {}
}
